<Solution>
  <Folder Name="/src/">
    <Project Path="src/Astra.Ascom/Astra.Ascom.csproj" />
    <Project Path="src/Astra.Core/Astra.Core.csproj" />
    <Project Path="src/Astra.Desktop/Astra.Desktop.csproj" />
    <Project Path="src/Astra.Runtime/Astra.Runtime.csproj" />
  </Folder>
  <Folder Name="/tests/">
    <Project Path="tests/Astra.Ascom.IntegrationTests/Astra.Ascom.IntegrationTests.csproj" />
    <Project Path="tests/Astra.Ascom.Tests/Astra.Ascom.Tests.csproj" />
    <Project Path="tests/Astra.Desktop.Tests/Astra.Desktop.Tests.csproj" />
    <Project Path="tests/Astra.Runtime.Tests/Astra.Runtime.Tests.csproj" />
  </Folder>
</Solution>
